
Microsoft Visual Studio Solution File, Format Version 12.00
# Visual Studio Version 17
VisualStudioVersion = 17.2.32630.192
MinimumVisualStudioVersion = 10.0.40219.1
Project("{9A19103F-16F7-4668-BE54-9A1E7A4F7556}") = "LearningMassTransit.Api", "LearningMassTransit.Api\LearningMassTransit.Api.csproj", "{85BA36DB-3CF7-4915-983A-CE96A5B1451D}"
EndProject
Project("{9A19103F-16F7-4668-BE54-9A1E7A4F7556}") = "LearningMassTransit.Contracts", "LearningMassTransit.Contracts\LearningMassTransit.Contracts.csproj", "{D5008CBC-EBA3-4349-A21D-1AFA33AAC54A}"
EndProject
Project("{9A19103F-16F7-4668-BE54-9A1E7A4F7556}") = "LearningMassTransit.Infrastructure", "LearningMassTransit.Infrastructure\LearningMassTransit.Infrastructure.csproj", "{9BC7EFAD-3C01-4419-B350-6247866D091D}"
EndProject
Project("{9A19103F-16F7-4668-BE54-9A1E7A4F7556}") = "LearningMassTransit.Consumers", "LearningMassTransit.Consumers\LearningMassTransit.Consumers.csproj", "{46B62CD4-134C-461A-A5C4-0970EDD1DE20}"
EndProject
Project("{9A19103F-16F7-4668-BE54-9A1E7A4F7556}") = "LearningMassTransit.Processor.Api", "LearningMassTransit.Processor.Api\LearningMassTransit.Processor.Api.csproj", "{5C4CCB0D-3EAB-4AF9-BFC1-3CADD3F14A5A}"
EndProject
Project("{9A19103F-16F7-4668-BE54-9A1E7A4F7556}") = "LearningMassTransit.Application", "LearningMassTransit.Application\LearningMassTransit.Application.csproj", "{3E842FD6-0524-4B68-B03B-24802E3A5DF2}"
EndProject
Project("{9A19103F-16F7-4668-BE54-9A1E7A4F7556}") = "LearningMassTransit.DataAccess", "LearningMassTransit.DataAccess\LearningMassTransit.DataAccess.csproj", "{7A473EFC-FD44-4FD1-AACA-00CAA1F6E001}"
EndProject
Project("{9A19103F-16F7-4668-BE54-9A1E7A4F7556}") = "LearningMassTransit.Infrastructure.EntityFramework", "LearningMassTransit.Infrastructure.EntityFramework\LearningMassTransit.Infrastructure.EntityFramework.csproj", "{5B7DB51C-5D3E-4EE2-A849-15270FEA2697}"
EndProject
Project("{9A19103F-16F7-4668-BE54-9A1E7A4F7556}") = "LearningMassTransit.Domain", "LearningMassTransit.Domain\LearningMassTransit.Domain.csproj", "{C8EDFB10-CC27-41FA-8527-08DF25E59EDA}"
EndProject
Project("{9A19103F-16F7-4668-BE54-9A1E7A4F7556}") = "LearningMassTransit.Messaging", "LearningMassTransit.Messaging\LearningMassTransit.Messaging.csproj", "{0B603A1C-568A-4AB7-BA61-DCE90E008902}"
EndProject
Project("{2150E333-8FDC-42A3-9474-1A3956D46DE8}") = "build", "build", "{D1FA9097-B263-46F2-BB7C-8417A6E7CC18}"
	ProjectSection(SolutionItems) = preProject
		build\docker-compose.yml = build\docker-compose.yml
		build\readme.md = build\readme.md
	EndProjectSection
EndProject
Global
	GlobalSection(SolutionConfigurationPlatforms) = preSolution
		Debug|Any CPU = Debug|Any CPU
		Release|Any CPU = Release|Any CPU
	EndGlobalSection
	GlobalSection(ProjectConfigurationPlatforms) = postSolution
		{85BA36DB-3CF7-4915-983A-CE96A5B1451D}.Debug|Any CPU.ActiveCfg = Debug|Any CPU
		{85BA36DB-3CF7-4915-983A-CE96A5B1451D}.Debug|Any CPU.Build.0 = Debug|Any CPU
		{85BA36DB-3CF7-4915-983A-CE96A5B1451D}.Release|Any CPU.ActiveCfg = Release|Any CPU
		{85BA36DB-3CF7-4915-983A-CE96A5B1451D}.Release|Any CPU.Build.0 = Release|Any CPU
		{D5008CBC-EBA3-4349-A21D-1AFA33AAC54A}.Debug|Any CPU.ActiveCfg = Debug|Any CPU
		{D5008CBC-EBA3-4349-A21D-1AFA33AAC54A}.Debug|Any CPU.Build.0 = Debug|Any CPU
		{D5008CBC-EBA3-4349-A21D-1AFA33AAC54A}.Release|Any CPU.ActiveCfg = Release|Any CPU
		{D5008CBC-EBA3-4349-A21D-1AFA33AAC54A}.Release|Any CPU.Build.0 = Release|Any CPU
		{9BC7EFAD-3C01-4419-B350-6247866D091D}.Debug|Any CPU.ActiveCfg = Debug|Any CPU
		{9BC7EFAD-3C01-4419-B350-6247866D091D}.Debug|Any CPU.Build.0 = Debug|Any CPU
		{9BC7EFAD-3C01-4419-B350-6247866D091D}.Release|Any CPU.ActiveCfg = Release|Any CPU
		{9BC7EFAD-3C01-4419-B350-6247866D091D}.Release|Any CPU.Build.0 = Release|Any CPU
		{46B62CD4-134C-461A-A5C4-0970EDD1DE20}.Debug|Any CPU.ActiveCfg = Debug|Any CPU
		{46B62CD4-134C-461A-A5C4-0970EDD1DE20}.Debug|Any CPU.Build.0 = Debug|Any CPU
		{46B62CD4-134C-461A-A5C4-0970EDD1DE20}.Release|Any CPU.ActiveCfg = Release|Any CPU
		{46B62CD4-134C-461A-A5C4-0970EDD1DE20}.Release|Any CPU.Build.0 = Release|Any CPU
		{5C4CCB0D-3EAB-4AF9-BFC1-3CADD3F14A5A}.Debug|Any CPU.ActiveCfg = Debug|Any CPU
		{5C4CCB0D-3EAB-4AF9-BFC1-3CADD3F14A5A}.Debug|Any CPU.Build.0 = Debug|Any CPU
		{5C4CCB0D-3EAB-4AF9-BFC1-3CADD3F14A5A}.Release|Any CPU.ActiveCfg = Release|Any CPU
		{5C4CCB0D-3EAB-4AF9-BFC1-3CADD3F14A5A}.Release|Any CPU.Build.0 = Release|Any CPU
		{3E842FD6-0524-4B68-B03B-24802E3A5DF2}.Debug|Any CPU.ActiveCfg = Debug|Any CPU
		{3E842FD6-0524-4B68-B03B-24802E3A5DF2}.Debug|Any CPU.Build.0 = Debug|Any CPU
		{3E842FD6-0524-4B68-B03B-24802E3A5DF2}.Release|Any CPU.ActiveCfg = Release|Any CPU
		{3E842FD6-0524-4B68-B03B-24802E3A5DF2}.Release|Any CPU.Build.0 = Release|Any CPU
		{7A473EFC-FD44-4FD1-AACA-00CAA1F6E001}.Debug|Any CPU.ActiveCfg = Debug|Any CPU
		{7A473EFC-FD44-4FD1-AACA-00CAA1F6E001}.Debug|Any CPU.Build.0 = Debug|Any CPU
		{7A473EFC-FD44-4FD1-AACA-00CAA1F6E001}.Release|Any CPU.ActiveCfg = Release|Any CPU
		{7A473EFC-FD44-4FD1-AACA-00CAA1F6E001}.Release|Any CPU.Build.0 = Release|Any CPU
		{5B7DB51C-5D3E-4EE2-A849-15270FEA2697}.Debug|Any CPU.ActiveCfg = Debug|Any CPU
		{5B7DB51C-5D3E-4EE2-A849-15270FEA2697}.Debug|Any CPU.Build.0 = Debug|Any CPU
		{5B7DB51C-5D3E-4EE2-A849-15270FEA2697}.Release|Any CPU.ActiveCfg = Release|Any CPU
		{5B7DB51C-5D3E-4EE2-A849-15270FEA2697}.Release|Any CPU.Build.0 = Release|Any CPU
		{C8EDFB10-CC27-41FA-8527-08DF25E59EDA}.Debug|Any CPU.ActiveCfg = Debug|Any CPU
		{C8EDFB10-CC27-41FA-8527-08DF25E59EDA}.Debug|Any CPU.Build.0 = Debug|Any CPU
		{C8EDFB10-CC27-41FA-8527-08DF25E59EDA}.Release|Any CPU.ActiveCfg = Release|Any CPU
		{C8EDFB10-CC27-41FA-8527-08DF25E59EDA}.Release|Any CPU.Build.0 = Release|Any CPU
		{0B603A1C-568A-4AB7-BA61-DCE90E008902}.Debug|Any CPU.ActiveCfg = Debug|Any CPU
		{0B603A1C-568A-4AB7-BA61-DCE90E008902}.Debug|Any CPU.Build.0 = Debug|Any CPU
		{0B603A1C-568A-4AB7-BA61-DCE90E008902}.Release|Any CPU.ActiveCfg = Release|Any CPU
		{0B603A1C-568A-4AB7-BA61-DCE90E008902}.Release|Any CPU.Build.0 = Release|Any CPU
	EndGlobalSection
	GlobalSection(SolutionProperties) = preSolution
		HideSolutionNode = FALSE
	EndGlobalSection
	GlobalSection(ExtensibilityGlobals) = postSolution
		SolutionGuid = {31C16C50-5202-41B2-BF7E-EAA417BCF25C}
	EndGlobalSection
EndGlobal
